github.com/go-toolsmith/astequal v1.0.1 h1:JbSszi42Jiqu36Gnf363HWS9MTEAz67vTQLponh3Moc=
github.com/go-toolsmith/astequal v1.0.1/go.mod h1:4oGA3EZXTVItV/ipGiOx7NWkY5veFfcsOJVS2YxltLw=
github.com/go-toolsmith/strparse v1.0.0/go.mod h1:YI2nUKP9YGZnL/L1/DLFBfixrcjslWct4wyljWhSRy8=
github.com/quasilyte/gogrep v0.0.0-20211222142514-47561ea9892a h1:WX7f23lL4qeJ4xdtYJb3626N++7uwdGJt5r+BYS4Yow=
github.com/quasilyte/gogrep v0.0.0-20211222142514-47561ea9892a/go.mod h1:cOIDw+gi1CMpN7VMVdiMUadtrZau1JPspiuxNmvCruU=
