github.com/cespare/subcmd v1.1.0/go.mod h1:wnVjukiuhSlhZSgGHUilbkHykG7Oglb0sJXpUQ+MoUw=
github.com/chzyer/logex v1.1.10/go.mod h1:+Ywpsq7O8HXn0nuIou7OrIPyXbp3wmkHB+jjWRnGsAI=
github.com/chzyer/readline v0.0.0-20180603132655-2972be24d48e/go.mod h1:nSuG5e5PlCu98SY8svDHJxuZscDgtXS6KTTbou5AhLI=
github.com/chzyer/test v0.0.0-20180213035817-a1ea475d72b1/go.mod h1:Q3SI9o4m/ZMnBNeIyt5eFwwo7qiLfzFZmjNmxjkiQlU=
github.com/go-toolsmith/astequal v1.0.1 h1:JbSszi42Jiqu36Gnf363HWS9MTEAz67vTQLponh3Moc=
github.com/go-toolsmith/astequal v1.0.1/go.mod h1:4oGA3EZXTVItV/ipGiOx7NWkY5veFfcsOJVS2YxltLw=
github.com/go-toolsmith/strparse v1.0.0 h1:Vcw78DnpCAKlM20kSbAyO4mPfJn/lyYA4BJUDxe2Jb4=
github.com/go-toolsmith/strparse v1.0.0/go.mod h1:YI2nUKP9YGZnL/L1/DLFBfixrcjslWct4wyljWhSRy8=
github.com/google/go-cmp v0.5.6 h1:BKbKCqvP6I+rmFHt06ZmyQtvB8xAkWdhFyr0ZUNZcxQ=
github.com/google/go-cmp v0.5.6/go.mod h1:v8dTdLbMG2kIc/vJvl+f65V22dbkXbowE6jgT/gNBxE=
github.com/google/pprof v0.0.0-20211214055906-6f57359322fd h1:1FjCyPC+syAzJ5/2S8fqdZK1R22vvA0J7JZKcuOIQ7Y=
github.com/google/pprof v0.0.0-20211214055906-6f57359322fd/go.mod h1:KgnwoLYCZ8IQu3XUZ8Nc/bM9CCZFOyjUNOSygVozoDg=
github.com/ianlancetaylor/demangle v0.0.0-20210905161508-09a460cdf81d/go.mod h1:aYm2/VgdVmcIU8iMfdMvDMsRAQjcfZSKFby6HOFvi/w=
github.com/quasilyte/gogrep v0.0.0-20211222142514-47561ea9892a h1:WX7f23lL4qeJ4xdtYJb3626N++7uwdGJt5r+BYS4Yow=
github.com/quasilyte/gogrep v0.0.0-20211222142514-47561ea9892a/go.mod h1:cOIDw+gi1CMpN7VMVdiMUadtrZau1JPspiuxNmvCruU=
github.com/quasilyte/perf-heatmap v0.0.0-20211220115704-5477e07beb6c/go.mod h1:mPJZP5qrgK90IzVVdmPOOJhTXyy65WoldUR1QPeh6AU=
github.com/quasilyte/perf-heatmap v0.0.0-20211220153856-7361377975b8 h1:XTVqxdjLyMjPMSOaHFsjIqeu1EeUensbK97c2I29In8=
github.com/quasilyte/perf-heatmap v0.0.0-20211220153856-7361377975b8/go.mod h1:mPJZP5qrgK90IzVVdmPOOJhTXyy65WoldUR1QPeh6AU=
golang.org/x/sys v0.0.0-20211007075335-d3039528d8ac/go.mod h1:oPkhp1MJrh7nUepCBck5+mAzfO9JrbApNNgaTdGDITg=
golang.org/x/xerrors v0.0.0-20191204190536-9bdfabe68543/go.mod h1:I/5z698sn9Ka8TeJc9MKroUUfqBBauWjQqLJ2OPfmY0=
